
Microsoft Visual Studio Solution File, Format Version 12.00
# Visual Studio 2012
Project("{FAE04EC0-301F-11D3-BF4B-00C04F79EFBC}") = "autopackage", "Tools\autopackage.csproj", "{D1102D1E-7ACE-4A81-96B8-36DA12310001}"
	ProjectSection(ProjectDependencies) = postProject
		{2C4DBA1B-1271-499E-B3F5-8F699CD75ADB} = {2C4DBA1B-1271-499E-B3F5-8F699CD75ADB}
		{5E958A69-637E-4807-8DCE-5DDA6B254AFE} = {5E958A69-637E-4807-8DCE-5DDA6B254AFE}
		{7B8CB73A-D762-44F4-B0AA-95840A29A019} = {7B8CB73A-D762-44F4-B0AA-95840A29A019}
		{7CA121E2-DA8A-4318-92FA-14101826F04C} = {7CA121E2-DA8A-4318-92FA-14101826F04C}
		{8E2605A9-54DF-4E63-ABA8-27D5C03DAC09} = {8E2605A9-54DF-4E63-ABA8-27D5C03DAC09}
		{B2C3433E-931E-4D52-848E-A178B16E954C} = {B2C3433E-931E-4D52-848E-A178B16E954C}
		{C0A44000-B786-43FE-B14F-AB411403B499} = {C0A44000-B786-43FE-B14F-AB411403B499}
		{ED903BAB-1812-4ED8-A85B-A2A2EB83CB2D} = {ED903BAB-1812-4ED8-A85B-A2A2EB83CB2D}
		{FB140878-E3E6-41A9-B4F5-7AEF4D624E85} = {FB140878-E3E6-41A9-B4F5-7AEF4D624E85}
	EndProjectSection
EndProject
Project("{8BC9CEB8-8B4A-11D0-8D11-00A0C91BC942}") = "native-bootstrap", "Bootstrappers\native-bootstrap\bootstrap.vcxproj", "{7CA121E2-DA8A-4318-92FA-14101826F04C}"
EndProject
Project("{FAE04EC0-301F-11D3-BF4B-00C04F79EFBC}") = "managed-bootstrap", "Bootstrappers\managed-bootstrap.csproj", "{ED903BAB-1812-4ED8-A85B-A2A2EB83CB2D}"
EndProject
Project("{FAE04EC0-301F-11D3-BF4B-00C04F79EFBC}") = "CoApp.CCI", "Libraries\CoApp.CCI.csproj", "{7B8CB73A-D762-44F4-B0AA-95840A29A019}"
EndProject
Project("{FAE04EC0-301F-11D3-BF4B-00C04F79EFBC}") = "CoApp.Developer.Toolkit", "Libraries\CoApp.Developer.Toolkit.csproj", "{E1BC4727-C201-44D4-9B73-78D20BD55D5C}"
EndProject
Project("{FAE04EC0-301F-11D3-BF4B-00C04F79EFBC}") = "QuickTool", "Tools\QuickTool.csproj", "{8E2605A9-54DF-4E63-ABA8-27D5C03DAC09}"
	ProjectSection(ProjectDependencies) = postProject
		{E1BC4727-C201-44D4-9B73-78D20BD55D5C} = {E1BC4727-C201-44D4-9B73-78D20BD55D5C}
	EndProjectSection
EndProject
Project("{FAE04EC0-301F-11D3-BF4B-00C04F79EFBC}") = "Scan", "Tools\Scan.csproj", "{5E958A69-637E-4807-8DCE-5DDA6B254AFE}"
	ProjectSection(ProjectDependencies) = postProject
		{E1BC4727-C201-44D4-9B73-78D20BD55D5C} = {E1BC4727-C201-44D4-9B73-78D20BD55D5C}
	EndProjectSection
EndProject
Project("{FAE04EC0-301F-11D3-BF4B-00C04F79EFBC}") = "simplesigner", "Tools\simplesigner.csproj", "{B2C3433E-931E-4D52-848E-A178B16E954C}"
EndProject
Project("{FAE04EC0-301F-11D3-BF4B-00C04F79EFBC}") = "ToolScanner", "Tools\ToolScanner.csproj", "{FB140878-E3E6-41A9-B4F5-7AEF4D624E85}"
	ProjectSection(ProjectDependencies) = postProject
		{E1BC4727-C201-44D4-9B73-78D20BD55D5C} = {E1BC4727-C201-44D4-9B73-78D20BD55D5C}
	EndProjectSection
EndProject
Project("{FAE04EC0-301F-11D3-BF4B-00C04F79EFBC}") = "ptk", "Tools\ptk.csproj", "{C0A44000-B786-43FE-B14F-AB411403B499}"
	ProjectSection(ProjectDependencies) = postProject
		{E1BC4727-C201-44D4-9B73-78D20BD55D5C} = {E1BC4727-C201-44D4-9B73-78D20BD55D5C}
	EndProjectSection
EndProject
Project("{FAE04EC0-301F-11D3-BF4B-00C04F79EFBC}") = "OAuthTool", "Tools\OAuthTool.csproj", "{2C4DBA1B-1271-499E-B3F5-8F699CD75ADB}"
EndProject
Project("{FAE04EC0-301F-11D3-BF4B-00C04F79EFBC}") = "DebugWatch", "Tools\DebugWatch.csproj", "{040B59F0-2C20-4603-AB6B-59D474B84F26}"
EndProject
Project("{FAE04EC0-301F-11D3-BF4B-00C04F79EFBC}") = "Packaging", "Libraries\Packaging.csproj", "{2356FC45-A1C0-40C5-B423-57CC4536AD18}"
EndProject
Project("{FAE04EC0-301F-11D3-BF4B-00C04F79EFBC}") = "Scripting", "Powershell\Scripting.csproj", "{DA1115B4-0FCF-435B-BEA6-4D42457DFDC5}"
EndProject
Project("{2150E333-8FDC-42A3-9474-1A3956D46DE8}") = "Libraries", "Libraries", "{81B0D07C-B069-410B-AA00-77AA065B1FDC}"
EndProject
Project("{2150E333-8FDC-42A3-9474-1A3956D46DE8}") = "Tools", "Tools", "{BBCD9075-44DA-4BA2-8309-60F584A245A2}"
EndProject
Project("{2150E333-8FDC-42A3-9474-1A3956D46DE8}") = "Powershell", "Powershell", "{CB23ED78-8D56-476F-897C-11AB5A1CB69F}"
	ProjectSection(SolutionItems) = preProject
		Powershell\Readme.txt = Powershell\Readme.txt
	EndProjectSection
EndProject
Project("{2150E333-8FDC-42A3-9474-1A3956D46DE8}") = "Bootstrappers", "Bootstrappers", "{82657964-3A4D-4B56-B20E-DCC3799C4856}"
EndProject
Project("{FAE04EC0-301F-11D3-BF4B-00C04F79EFBC}") = "Provider", "Powershell\Provider.csproj", "{E3293143-FA7C-45DF-84FA-FA5BF5642D6E}"
EndProject
Project("{FAE04EC0-301F-11D3-BF4B-00C04F79EFBC}") = "Azure", "Powershell\Azure.csproj", "{764BC144-AAA6-4E2E-B3CF-613E268584D7}"
EndProject
Project("{FAE04EC0-301F-11D3-BF4B-00C04F79EFBC}") = "Build", "Powershell\Build.csproj", "{764BC144-AAA6-4E2E-B3CF-613E268584D3}"
EndProject
Project("{FAE04EC0-301F-11D3-BF4B-00C04F79EFBC}") = "Package", "Powershell\Package.csproj", "{764BC144-AAA6-4E2E-B3CF-613E268584D1}"
EndProject
Project("{FAE04EC0-301F-11D3-BF4B-00C04F79EFBC}") = "Sign", "Powershell\Sign.csproj", "{764BC144-AAA6-4E2E-B3CF-613E268584D2}"
EndProject
Project("{FAE04EC0-301F-11D3-BF4B-00C04F79EFBC}") = "Core", "Powershell\Core.csproj", "{764BC144-AAA6-4E2E-B3CF-613E268584E2}"
EndProject
Global
	GlobalSection(SolutionConfigurationPlatforms) = preSolution
		Debug|Any CPU = Debug|Any CPU
		Debug|Win32 = Debug|Win32
		Release|Any CPU = Release|Any CPU
		Release|Win32 = Release|Win32
	EndGlobalSection
	GlobalSection(ProjectConfigurationPlatforms) = postSolution
		{D1102D1E-7ACE-4A81-96B8-36DA12310001}.Debug|Any CPU.ActiveCfg = Debug|Any CPU
		{D1102D1E-7ACE-4A81-96B8-36DA12310001}.Debug|Any CPU.Build.0 = Debug|Any CPU
		{D1102D1E-7ACE-4A81-96B8-36DA12310001}.Debug|Win32.ActiveCfg = Debug|Any CPU
		{D1102D1E-7ACE-4A81-96B8-36DA12310001}.Release|Any CPU.ActiveCfg = Release|Any CPU
		{D1102D1E-7ACE-4A81-96B8-36DA12310001}.Release|Any CPU.Build.0 = Release|Any CPU
		{D1102D1E-7ACE-4A81-96B8-36DA12310001}.Release|Win32.ActiveCfg = Release|Any CPU
		{7CA121E2-DA8A-4318-92FA-14101826F04C}.Debug|Any CPU.ActiveCfg = Debug|Win32
		{7CA121E2-DA8A-4318-92FA-14101826F04C}.Debug|Win32.ActiveCfg = Debug|Win32
		{7CA121E2-DA8A-4318-92FA-14101826F04C}.Debug|Win32.Build.0 = Debug|Win32
		{7CA121E2-DA8A-4318-92FA-14101826F04C}.Debug|Win32.Deploy.0 = Debug|Win32
		{7CA121E2-DA8A-4318-92FA-14101826F04C}.Release|Any CPU.ActiveCfg = Release|Win32
		{7CA121E2-DA8A-4318-92FA-14101826F04C}.Release|Win32.ActiveCfg = Release|Win32
		{7CA121E2-DA8A-4318-92FA-14101826F04C}.Release|Win32.Build.0 = Release|Win32
		{7CA121E2-DA8A-4318-92FA-14101826F04C}.Release|Win32.Deploy.0 = Release|Win32
		{ED903BAB-1812-4ED8-A85B-A2A2EB83CB2D}.Debug|Any CPU.ActiveCfg = Debug|Any CPU
		{ED903BAB-1812-4ED8-A85B-A2A2EB83CB2D}.Debug|Any CPU.Build.0 = Debug|Any CPU
		{ED903BAB-1812-4ED8-A85B-A2A2EB83CB2D}.Debug|Win32.ActiveCfg = Debug|Any CPU
		{ED903BAB-1812-4ED8-A85B-A2A2EB83CB2D}.Release|Any CPU.ActiveCfg = Release|Any CPU
		{ED903BAB-1812-4ED8-A85B-A2A2EB83CB2D}.Release|Any CPU.Build.0 = Release|Any CPU
		{ED903BAB-1812-4ED8-A85B-A2A2EB83CB2D}.Release|Win32.ActiveCfg = Release|Any CPU
		{7B8CB73A-D762-44F4-B0AA-95840A29A019}.Debug|Any CPU.ActiveCfg = Debug|Any CPU
		{7B8CB73A-D762-44F4-B0AA-95840A29A019}.Debug|Any CPU.Build.0 = Debug|Any CPU
		{7B8CB73A-D762-44F4-B0AA-95840A29A019}.Debug|Win32.ActiveCfg = Debug|Any CPU
		{7B8CB73A-D762-44F4-B0AA-95840A29A019}.Release|Any CPU.ActiveCfg = Release|Any CPU
		{7B8CB73A-D762-44F4-B0AA-95840A29A019}.Release|Any CPU.Build.0 = Release|Any CPU
		{7B8CB73A-D762-44F4-B0AA-95840A29A019}.Release|Win32.ActiveCfg = Release|Any CPU
		{E1BC4727-C201-44D4-9B73-78D20BD55D5C}.Debug|Any CPU.ActiveCfg = Debug|Any CPU
		{E1BC4727-C201-44D4-9B73-78D20BD55D5C}.Debug|Any CPU.Build.0 = Debug|Any CPU
		{E1BC4727-C201-44D4-9B73-78D20BD55D5C}.Debug|Win32.ActiveCfg = Debug|Any CPU
		{E1BC4727-C201-44D4-9B73-78D20BD55D5C}.Release|Any CPU.ActiveCfg = Release|Any CPU
		{E1BC4727-C201-44D4-9B73-78D20BD55D5C}.Release|Any CPU.Build.0 = Release|Any CPU
		{E1BC4727-C201-44D4-9B73-78D20BD55D5C}.Release|Win32.ActiveCfg = Release|Any CPU
		{8E2605A9-54DF-4E63-ABA8-27D5C03DAC09}.Debug|Any CPU.ActiveCfg = Debug|Any CPU
		{8E2605A9-54DF-4E63-ABA8-27D5C03DAC09}.Debug|Any CPU.Build.0 = Debug|Any CPU
		{8E2605A9-54DF-4E63-ABA8-27D5C03DAC09}.Debug|Win32.ActiveCfg = Debug|Any CPU
		{8E2605A9-54DF-4E63-ABA8-27D5C03DAC09}.Release|Any CPU.ActiveCfg = Release|Any CPU
		{8E2605A9-54DF-4E63-ABA8-27D5C03DAC09}.Release|Any CPU.Build.0 = Release|Any CPU
		{8E2605A9-54DF-4E63-ABA8-27D5C03DAC09}.Release|Win32.ActiveCfg = Release|Any CPU
		{5E958A69-637E-4807-8DCE-5DDA6B254AFE}.Debug|Any CPU.ActiveCfg = Debug|Any CPU
		{5E958A69-637E-4807-8DCE-5DDA6B254AFE}.Debug|Any CPU.Build.0 = Debug|Any CPU
		{5E958A69-637E-4807-8DCE-5DDA6B254AFE}.Debug|Win32.ActiveCfg = Debug|Any CPU
		{5E958A69-637E-4807-8DCE-5DDA6B254AFE}.Release|Any CPU.ActiveCfg = Release|Any CPU
		{5E958A69-637E-4807-8DCE-5DDA6B254AFE}.Release|Any CPU.Build.0 = Release|Any CPU
		{5E958A69-637E-4807-8DCE-5DDA6B254AFE}.Release|Win32.ActiveCfg = Release|Any CPU
		{B2C3433E-931E-4D52-848E-A178B16E954C}.Debug|Any CPU.ActiveCfg = Debug|Any CPU
		{B2C3433E-931E-4D52-848E-A178B16E954C}.Debug|Any CPU.Build.0 = Debug|Any CPU
		{B2C3433E-931E-4D52-848E-A178B16E954C}.Debug|Win32.ActiveCfg = Debug|Any CPU
		{B2C3433E-931E-4D52-848E-A178B16E954C}.Release|Any CPU.ActiveCfg = Release|Any CPU
		{B2C3433E-931E-4D52-848E-A178B16E954C}.Release|Any CPU.Build.0 = Release|Any CPU
		{B2C3433E-931E-4D52-848E-A178B16E954C}.Release|Win32.ActiveCfg = Release|Any CPU
		{FB140878-E3E6-41A9-B4F5-7AEF4D624E85}.Debug|Any CPU.ActiveCfg = Debug|Any CPU
		{FB140878-E3E6-41A9-B4F5-7AEF4D624E85}.Debug|Any CPU.Build.0 = Debug|Any CPU
		{FB140878-E3E6-41A9-B4F5-7AEF4D624E85}.Debug|Win32.ActiveCfg = Debug|Any CPU
		{FB140878-E3E6-41A9-B4F5-7AEF4D624E85}.Release|Any CPU.ActiveCfg = Release|Any CPU
		{FB140878-E3E6-41A9-B4F5-7AEF4D624E85}.Release|Any CPU.Build.0 = Release|Any CPU
		{FB140878-E3E6-41A9-B4F5-7AEF4D624E85}.Release|Win32.ActiveCfg = Release|Any CPU
		{C0A44000-B786-43FE-B14F-AB411403B499}.Debug|Any CPU.ActiveCfg = Debug|Any CPU
		{C0A44000-B786-43FE-B14F-AB411403B499}.Debug|Any CPU.Build.0 = Debug|Any CPU
		{C0A44000-B786-43FE-B14F-AB411403B499}.Debug|Win32.ActiveCfg = Debug|Any CPU
		{C0A44000-B786-43FE-B14F-AB411403B499}.Release|Any CPU.ActiveCfg = Release|Any CPU
		{C0A44000-B786-43FE-B14F-AB411403B499}.Release|Any CPU.Build.0 = Release|Any CPU
		{C0A44000-B786-43FE-B14F-AB411403B499}.Release|Win32.ActiveCfg = Release|Any CPU
		{2C4DBA1B-1271-499E-B3F5-8F699CD75ADB}.Debug|Any CPU.ActiveCfg = Debug|Any CPU
		{2C4DBA1B-1271-499E-B3F5-8F699CD75ADB}.Debug|Any CPU.Build.0 = Debug|Any CPU
		{2C4DBA1B-1271-499E-B3F5-8F699CD75ADB}.Debug|Win32.ActiveCfg = Debug|Any CPU
		{2C4DBA1B-1271-499E-B3F5-8F699CD75ADB}.Release|Any CPU.ActiveCfg = Release|Any CPU
		{2C4DBA1B-1271-499E-B3F5-8F699CD75ADB}.Release|Any CPU.Build.0 = Release|Any CPU
		{2C4DBA1B-1271-499E-B3F5-8F699CD75ADB}.Release|Win32.ActiveCfg = Release|Any CPU
		{040B59F0-2C20-4603-AB6B-59D474B84F26}.Debug|Any CPU.ActiveCfg = Debug|Any CPU
		{040B59F0-2C20-4603-AB6B-59D474B84F26}.Debug|Any CPU.Build.0 = Debug|Any CPU
		{040B59F0-2C20-4603-AB6B-59D474B84F26}.Debug|Win32.ActiveCfg = Debug|Any CPU
		{040B59F0-2C20-4603-AB6B-59D474B84F26}.Release|Any CPU.ActiveCfg = Release|Any CPU
		{040B59F0-2C20-4603-AB6B-59D474B84F26}.Release|Any CPU.Build.0 = Release|Any CPU
		{040B59F0-2C20-4603-AB6B-59D474B84F26}.Release|Win32.ActiveCfg = Release|Any CPU
		{2356FC45-A1C0-40C5-B423-57CC4536AD18}.Debug|Any CPU.ActiveCfg = Debug|Any CPU
		{2356FC45-A1C0-40C5-B423-57CC4536AD18}.Debug|Any CPU.Build.0 = Debug|Any CPU
		{2356FC45-A1C0-40C5-B423-57CC4536AD18}.Debug|Win32.ActiveCfg = Debug|Any CPU
		{2356FC45-A1C0-40C5-B423-57CC4536AD18}.Release|Any CPU.ActiveCfg = Release|Any CPU
		{2356FC45-A1C0-40C5-B423-57CC4536AD18}.Release|Any CPU.Build.0 = Release|Any CPU
		{2356FC45-A1C0-40C5-B423-57CC4536AD18}.Release|Win32.ActiveCfg = Release|Any CPU
		{DA1115B4-0FCF-435B-BEA6-4D42457DFDC5}.Debug|Any CPU.ActiveCfg = Debug|Any CPU
		{DA1115B4-0FCF-435B-BEA6-4D42457DFDC5}.Debug|Any CPU.Build.0 = Debug|Any CPU
		{DA1115B4-0FCF-435B-BEA6-4D42457DFDC5}.Debug|Win32.ActiveCfg = Debug|Any CPU
		{DA1115B4-0FCF-435B-BEA6-4D42457DFDC5}.Release|Any CPU.ActiveCfg = Release|Any CPU
		{DA1115B4-0FCF-435B-BEA6-4D42457DFDC5}.Release|Any CPU.Build.0 = Release|Any CPU
		{DA1115B4-0FCF-435B-BEA6-4D42457DFDC5}.Release|Win32.ActiveCfg = Release|Any CPU
		{E3293143-FA7C-45DF-84FA-FA5BF5642D6E}.Debug|Any CPU.ActiveCfg = Debug|Any CPU
		{E3293143-FA7C-45DF-84FA-FA5BF5642D6E}.Debug|Any CPU.Build.0 = Debug|Any CPU
		{E3293143-FA7C-45DF-84FA-FA5BF5642D6E}.Debug|Win32.ActiveCfg = Debug|Any CPU
		{E3293143-FA7C-45DF-84FA-FA5BF5642D6E}.Release|Any CPU.ActiveCfg = Release|Any CPU
		{E3293143-FA7C-45DF-84FA-FA5BF5642D6E}.Release|Any CPU.Build.0 = Release|Any CPU
		{E3293143-FA7C-45DF-84FA-FA5BF5642D6E}.Release|Win32.ActiveCfg = Release|Any CPU
		{764BC144-AAA6-4E2E-B3CF-613E268584D7}.Debug|Any CPU.ActiveCfg = Debug|Any CPU
		{764BC144-AAA6-4E2E-B3CF-613E268584D7}.Debug|Any CPU.Build.0 = Debug|Any CPU
		{764BC144-AAA6-4E2E-B3CF-613E268584D7}.Debug|Win32.ActiveCfg = Debug|Any CPU
		{764BC144-AAA6-4E2E-B3CF-613E268584D7}.Release|Any CPU.ActiveCfg = Release|Any CPU
		{764BC144-AAA6-4E2E-B3CF-613E268584D7}.Release|Any CPU.Build.0 = Release|Any CPU
		{764BC144-AAA6-4E2E-B3CF-613E268584D7}.Release|Win32.ActiveCfg = Release|Any CPU
		{764BC144-AAA6-4E2E-B3CF-613E268584D3}.Debug|Any CPU.ActiveCfg = Debug|Any CPU
		{764BC144-AAA6-4E2E-B3CF-613E268584D3}.Debug|Any CPU.Build.0 = Debug|Any CPU
		{764BC144-AAA6-4E2E-B3CF-613E268584D3}.Debug|Win32.ActiveCfg = Debug|Any CPU
		{764BC144-AAA6-4E2E-B3CF-613E268584D3}.Release|Any CPU.ActiveCfg = Release|Any CPU
		{764BC144-AAA6-4E2E-B3CF-613E268584D3}.Release|Any CPU.Build.0 = Release|Any CPU
		{764BC144-AAA6-4E2E-B3CF-613E268584D3}.Release|Win32.ActiveCfg = Release|Any CPU
		{764BC144-AAA6-4E2E-B3CF-613E268584D1}.Debug|Any CPU.ActiveCfg = Debug|Any CPU
		{764BC144-AAA6-4E2E-B3CF-613E268584D1}.Debug|Any CPU.Build.0 = Debug|Any CPU
		{764BC144-AAA6-4E2E-B3CF-613E268584D1}.Debug|Win32.ActiveCfg = Debug|Any CPU
		{764BC144-AAA6-4E2E-B3CF-613E268584D1}.Release|Any CPU.ActiveCfg = Release|Any CPU
		{764BC144-AAA6-4E2E-B3CF-613E268584D1}.Release|Any CPU.Build.0 = Release|Any CPU
		{764BC144-AAA6-4E2E-B3CF-613E268584D1}.Release|Win32.ActiveCfg = Release|Any CPU
		{764BC144-AAA6-4E2E-B3CF-613E268584D2}.Debug|Any CPU.ActiveCfg = Debug|Any CPU
		{764BC144-AAA6-4E2E-B3CF-613E268584D2}.Debug|Any CPU.Build.0 = Debug|Any CPU
		{764BC144-AAA6-4E2E-B3CF-613E268584D2}.Debug|Win32.ActiveCfg = Debug|Any CPU
		{764BC144-AAA6-4E2E-B3CF-613E268584D2}.Release|Any CPU.ActiveCfg = Release|Any CPU
		{764BC144-AAA6-4E2E-B3CF-613E268584D2}.Release|Any CPU.Build.0 = Release|Any CPU
		{764BC144-AAA6-4E2E-B3CF-613E268584D2}.Release|Win32.ActiveCfg = Release|Any CPU
		{764BC144-AAA6-4E2E-B3CF-613E268584E2}.Debug|Any CPU.ActiveCfg = Debug|Any CPU
		{764BC144-AAA6-4E2E-B3CF-613E268584E2}.Debug|Any CPU.Build.0 = Debug|Any CPU
		{764BC144-AAA6-4E2E-B3CF-613E268584E2}.Debug|Win32.ActiveCfg = Debug|Any CPU
		{764BC144-AAA6-4E2E-B3CF-613E268584E2}.Release|Any CPU.ActiveCfg = Release|Any CPU
		{764BC144-AAA6-4E2E-B3CF-613E268584E2}.Release|Any CPU.Build.0 = Release|Any CPU
		{764BC144-AAA6-4E2E-B3CF-613E268584E2}.Release|Win32.ActiveCfg = Release|Any CPU
	EndGlobalSection
	GlobalSection(SolutionProperties) = preSolution
		HideSolutionNode = FALSE
	EndGlobalSection
	GlobalSection(NestedProjects) = preSolution
		{8E2605A9-54DF-4E63-ABA8-27D5C03DAC09} = {BBCD9075-44DA-4BA2-8309-60F584A245A2}
		{5E958A69-637E-4807-8DCE-5DDA6B254AFE} = {BBCD9075-44DA-4BA2-8309-60F584A245A2}
		{B2C3433E-931E-4D52-848E-A178B16E954C} = {BBCD9075-44DA-4BA2-8309-60F584A245A2}
		{FB140878-E3E6-41A9-B4F5-7AEF4D624E85} = {BBCD9075-44DA-4BA2-8309-60F584A245A2}
		{C0A44000-B786-43FE-B14F-AB411403B499} = {BBCD9075-44DA-4BA2-8309-60F584A245A2}
		{2C4DBA1B-1271-499E-B3F5-8F699CD75ADB} = {BBCD9075-44DA-4BA2-8309-60F584A245A2}
		{040B59F0-2C20-4603-AB6B-59D474B84F26} = {BBCD9075-44DA-4BA2-8309-60F584A245A2}
		{D1102D1E-7ACE-4A81-96B8-36DA12310001} = {BBCD9075-44DA-4BA2-8309-60F584A245A2}
		{ED903BAB-1812-4ED8-A85B-A2A2EB83CB2D} = {82657964-3A4D-4B56-B20E-DCC3799C4856}
		{7CA121E2-DA8A-4318-92FA-14101826F04C} = {82657964-3A4D-4B56-B20E-DCC3799C4856}
		{E1BC4727-C201-44D4-9B73-78D20BD55D5C} = {81B0D07C-B069-410B-AA00-77AA065B1FDC}
		{2356FC45-A1C0-40C5-B423-57CC4536AD18} = {81B0D07C-B069-410B-AA00-77AA065B1FDC}
		{7B8CB73A-D762-44F4-B0AA-95840A29A019} = {81B0D07C-B069-410B-AA00-77AA065B1FDC}
		{DA1115B4-0FCF-435B-BEA6-4D42457DFDC5} = {CB23ED78-8D56-476F-897C-11AB5A1CB69F}
		{E3293143-FA7C-45DF-84FA-FA5BF5642D6E} = {CB23ED78-8D56-476F-897C-11AB5A1CB69F}
		{764BC144-AAA6-4E2E-B3CF-613E268584D7} = {CB23ED78-8D56-476F-897C-11AB5A1CB69F}
		{764BC144-AAA6-4E2E-B3CF-613E268584D3} = {CB23ED78-8D56-476F-897C-11AB5A1CB69F}
		{764BC144-AAA6-4E2E-B3CF-613E268584D1} = {CB23ED78-8D56-476F-897C-11AB5A1CB69F}
		{764BC144-AAA6-4E2E-B3CF-613E268584D2} = {CB23ED78-8D56-476F-897C-11AB5A1CB69F}
		{764BC144-AAA6-4E2E-B3CF-613E268584E2} = {CB23ED78-8D56-476F-897C-11AB5A1CB69F}
	EndGlobalSection
EndGlobal
